<?xml version="1.0" encoding="utf-8"?>
<Project ToolsVersion="4.0" xmlns="http://schemas.microsoft.com/developer/msbuild/2003">
  <ItemGroup>
    <None Include="minhook\lib\MinHook.x64.dll" />
    <None Include="src\dependencies\DirectX9\Include\D3DX_DXGIFormatConvert.inl" />
    <None Include="src\dependencies\DirectX9\Include\d3dx9math.inl" />
    <None Include="src\dependencies\DirectX9\Include\xnamathvector.inl" />
    <None Include="src\dependencies\DirectX9\Include\xnamathmisc.inl" />
    <None Include="src\dependencies\DirectX9\Include\xnamathmatrix.inl" />
    <None Include="src\dependencies\DirectX9\Include\xnamathconvert.inl" />
    <None Include="src\dependencies\DirectX9\Include\D3DX10math.inl" />
  </ItemGroup>
  <ItemGroup>
    <ClCompile Include="src\entry.cpp" />
    <ClCompile Include="src\overlay\render\render.cpp" />
    <ClCompile Include="src\overlay\d3d\direct3d.cpp" />
    <ClCompile Include="src\dependencies\ImGui\imgui.cpp" />
    <ClCompile Include="src\dependencies\ImGui\imgui_demo.cpp" />
    <ClCompile Include="src\dependencies\ImGui\imgui_draw.cpp" />
    <ClCompile Include="src\dependencies\ImGui\imgui_impl_dx9.cpp" />
    <ClCompile Include="src\dependencies\ImGui\imgui_impl_win32.cpp" />
    <ClCompile Include="src\dependencies\ImGui\imgui_tables.cpp" />
    <ClCompile Include="src\dependencies\ImGui\imgui_widgets.cpp" />
  </ItemGroup>
  <ItemGroup>
    <ClInclude Include="src\includes.hpp" />
    <ClInclude Include="src\overlay\render\render.hpp" />
    <ClInclude Include="src\overlay\d3d\direct3d.hpp" />
    <ClInclude Include="src\dependencies\ImGui\imconfig.h" />
    <ClInclude Include="src\dependencies\ImGui\imgui.h" />
    <ClInclude Include="src\dependencies\ImGui\imgui_fonts.hpp" />
    <ClInclude Include="src\dependencies\ImGui\imgui_impl_dx9.h" />
    <ClInclude Include="src\dependencies\ImGui\imgui_impl_win32.h" />
    <ClInclude Include="src\dependencies\ImGui\imgui_internal.h" />
    <ClInclude Include="src\dependencies\ImGui\imstb_rectpack.h" />
    <ClInclude Include="src\dependencies\ImGui\imstb_textedit.h" />
    <ClInclude Include="src\dependencies\ImGui\imstb_truetype.h" />
    <ClInclude Include="src\dependencies\DirectX9\Include\audiodefs.h" />
    <ClInclude Include="src\dependencies\DirectX9\Include\D2D1.h" />
    <ClInclude Include="src\dependencies\DirectX9\Include\D2D1Helper.h" />
    <ClInclude Include="src\dependencies\DirectX9\Include\comdecl.h" />
    <ClInclude Include="src\dependencies\DirectX9\Include\D2DBaseTypes.h" />
    <ClInclude Include="src\dependencies\DirectX9\Include\d3d9.h" />
    <ClInclude Include="src\dependencies\DirectX9\Include\D2Derr.h" />
    <ClInclude Include="src\dependencies\DirectX9\Include\d3d9caps.h" />
    <ClInclude Include="src\dependencies\DirectX9\Include\D3D10.h" />
    <ClInclude Include="src\dependencies\DirectX9\Include\d3d9types.h" />
    <ClInclude Include="src\dependencies\DirectX9\Include\D3D10_1.h" />
    <ClInclude Include="src\dependencies\DirectX9\Include\D3D10_1shader.h" />
    <ClInclude Include="src\dependencies\DirectX9\Include\D3D10effect.h" />
    <ClInclude Include="src\dependencies\DirectX9\Include\d3d10misc.h" />
    <ClInclude Include="src\dependencies\DirectX9\Include\D3D10shader.h" />
    <ClInclude Include="src\dependencies\DirectX9\Include\d3d10sdklayers.h" />
    <ClInclude Include="src\dependencies\DirectX9\Include\D3D11SDKLayers.h" />
    <ClInclude Include="src\dependencies\DirectX9\Include\D3D11.h" />
    <ClInclude Include="src\dependencies\DirectX9\Include\D3D11Shader.h" />
    <ClInclude Include="src\dependencies\DirectX9\Include\D3Dcommon.h" />
    <ClInclude Include="src\dependencies\DirectX9\Include\D3DCSX.h" />
    <ClInclude Include="src\dependencies\DirectX9\Include\D3Dcompiler.h" />
    <ClInclude Include="src\dependencies\DirectX9\Include\d3dx9anim.h" />
    <ClInclude Include="src\dependencies\DirectX9\Include\d3dx9.h" />
    <ClInclude Include="src\dependencies\DirectX9\Include\d3dx9core.h" />
    <ClInclude Include="src\dependencies\DirectX9\Include\d3dx9effect.h" />
    <ClInclude Include="src\dependencies\DirectX9\Include\d3dx9math.h" />
    <ClInclude Include="src\dependencies\DirectX9\Include\d3dx9mesh.h" />
    <ClInclude Include="src\dependencies\DirectX9\Include\d3dx9shader.h" />
    <ClInclude Include="src\dependencies\DirectX9\Include\xnamath.h" />
    <ClInclude Include="src\dependencies\DirectX9\Include\xma2defs.h" />
    <ClInclude Include="src\dependencies\DirectX9\Include\XInput.h" />
    <ClInclude Include="src\dependencies\DirectX9\Include\XDSP.h" />
    <ClInclude Include="src\dependencies\DirectX9\Include\XAudio2fx.h" />
    <ClInclude Include="src\dependencies\DirectX9\Include\XAPOFX.h" />
    <ClInclude Include="src\dependencies\DirectX9\Include\XAudio2.h" />
    <ClInclude Include="src\dependencies\DirectX9\Include\XAPO.h" />
    <ClInclude Include="src\dependencies\DirectX9\Include\xact3wb.h" />
    <ClInclude Include="src\dependencies\DirectX9\Include\XAPOBase.h" />
    <ClInclude Include="src\dependencies\DirectX9\Include\xact3d3.h" />
    <ClInclude Include="src\dependencies\DirectX9\Include\xact3.h" />
    <ClInclude Include="src\dependencies\DirectX9\Include\X3DAudio.h" />
    <ClInclude Include="src\dependencies\DirectX9\Include\rmxftmpl.h" />
    <ClInclude Include="src\dependencies\DirectX9\Include\rmxfguid.h" />
    <ClInclude Include="src\dependencies\DirectX9\Include\PIXPlugin.h" />
    <ClInclude Include="src\dependencies\DirectX9\Include\d3dx9shape.h" />
    <ClInclude Include="src\dependencies\DirectX9\Include\d3dx9tex.h" />
    <ClInclude Include="src\dependencies\DirectX9\Include\d3dx9xof.h" />
    <ClInclude Include="src\dependencies\DirectX9\Include\D3DX10.h" />
    <ClInclude Include="src\dependencies\DirectX9\Include\d3dx10async.h" />
    <ClInclude Include="src\dependencies\DirectX9\Include\D3DX10core.h" />
    <ClInclude Include="src\dependencies\DirectX9\Include\D3DX10math.h" />
    <ClInclude Include="src\dependencies\DirectX9\Include\D3DX10mesh.h" />
    <ClInclude Include="src\dependencies\DirectX9\Include\D3DX10tex.h" />
    <ClInclude Include="src\dependencies\DirectX9\Include\D3DX11.h" />
    <ClInclude Include="src\dependencies\DirectX9\Include\D3DX11core.h" />
    <ClInclude Include="src\dependencies\DirectX9\Include\D3DX11async.h" />
    <ClInclude Include="src\dependencies\DirectX9\Include\D3DX11tex.h" />
    <ClInclude Include="src\dependencies\DirectX9\Include\Dcommon.h" />
    <ClInclude Include="src\dependencies\DirectX9\Include\detours.h" />
    <ClInclude Include="src\dependencies\DirectX9\Include\dinput.h" />
    <ClInclude Include="src\dependencies\DirectX9\Include\dinputd.h" />
    <ClInclude Include="src\dependencies\DirectX9\Include\dsetup.h" />
    <ClInclude Include="src\dependencies\DirectX9\Include\dsconf.h" />
    <ClInclude Include="src\dependencies\DirectX9\Include\dsound.h" />
    <ClInclude Include="src\dependencies\DirectX9\Include\dxdiag.h" />
    <ClInclude Include="src\dependencies\DirectX9\Include\DWrite.h" />
    <ClInclude Include="src\dependencies\DirectX9\Include\DxErr.h" />
    <ClInclude Include="src\dependencies\DirectX9\Include\dxfile.h" />
    <ClInclude Include="src\dependencies\DirectX9\Include\DXGI.h" />
    <ClInclude Include="src\dependencies\DirectX9\Include\DXGIFormat.h" />
    <ClInclude Include="src\dependencies\DirectX9\Include\DXGIType.h" />
    <ClInclude Include="src\dependencies\DirectX9\Include\dxsdkver.h" />
    <ClInclude Include="src\dependencies\DirectX9\Include\gameux.h" />
    <ClInclude Include="src\dependencies\DirectX9\Include\rpcsal.h" />
  </ItemGroup>
  <ItemGroup>
    <Library Include="src\dependencies\DirectX9\Lib\d3d9.lib" />
    <Library Include="src\dependencies\DirectX9\Lib\d2d1.lib" />
    <Library Include="src\dependencies\DirectX9\Lib\d3d10_1.lib" />
    <Library Include="src\dependencies\DirectX9\Lib\d3d10.lib" />
    <Library Include="src\dependencies\DirectX9\Lib\d3dcompiler.lib" />
    <Library Include="src\dependencies\DirectX9\Lib\d3d11.lib" />
    <Library Include="src\dependencies\DirectX9\Lib\D3DCSXd.lib" />
    <Library Include="src\dependencies\DirectX9\Lib\D3DCSX.lib" />
    <Library Include="src\dependencies\DirectX9\Lib\d3dx9.lib" />
    <Library Include="src\dependencies\DirectX9\Lib\d3dx9d.lib" />
    <Library Include="src\dependencies\DirectX9\Lib\d3dx10.lib" />
    <Library Include="src\dependencies\DirectX9\Lib\d3dx10d.lib" />
    <Library Include="src\dependencies\DirectX9\Lib\d3dx11d.lib" />
    <Library Include="src\dependencies\DirectX9\Lib\d3dx11.lib" />
    <Library Include="src\dependencies\DirectX9\Lib\XInput.lib" />
    <Library Include="src\dependencies\DirectX9\Lib\XAPOFX.lib" />
    <Library Include="src\dependencies\DirectX9\Lib\xapobased.lib" />
    <Library Include="src\dependencies\DirectX9\Lib\xapobase.lib" />
    <Library Include="src\dependencies\DirectX9\Lib\X3DAudio.lib" />
    <Library Include="src\dependencies\DirectX9\Lib\dxguid.lib" />
    <Library Include="src\dependencies\DirectX9\Lib\dxgi.lib" />
    <Library Include="src\dependencies\DirectX9\Lib\DxErr.lib" />
    <Library Include="src\dependencies\DirectX9\Lib\dwrite.lib" />
    <Library Include="src\dependencies\DirectX9\Lib\dsound.lib" />
    <Library Include="src\dependencies\DirectX9\Lib\dinput8.lib" />
    <Library Include="src\dependencies\DirectX9\Lib\d3dxof.lib" />
  </ItemGroup>
</Project>